
Microsoft Visual Studio Solution File, Format Version 12.00
# Visual Studio Version 16
VisualStudioVersion = 16.0.30503.244
MinimumVisualStudioVersion = 10.0.40219.1
Project("{FAE04EC0-301F-11D3-BF4B-00C04F79EFBC}") = "HKU_UBikeStation", "HKU_UBikeStation.csproj", "{DE6FAE61-07CA-4193-AAA3-17EF9CE6C277}"
EndProject
Global
	GlobalSection(SolutionConfigurationPlatforms) = preSolution
		Debug|Any CPU = Debug|Any CPU
		Release|Any CPU = Release|Any CPU
	EndGlobalSection
	GlobalSection(ProjectConfigurationPlatforms) = postSolution
		{DE6FAE61-07CA-4193-AAA3-17EF9CE6C277}.Debug|Any CPU.ActiveCfg = Debug|Any CPU
		{DE6FAE61-07CA-4193-AAA3-17EF9CE6C277}.Debug|Any CPU.Build.0 = Debug|Any CPU
		{DE6FAE61-07CA-4193-AAA3-17EF9CE6C277}.Release|Any CPU.ActiveCfg = Release|Any CPU
		{DE6FAE61-07CA-4193-AAA3-17EF9CE6C277}.Release|Any CPU.Build.0 = Release|Any CPU
	EndGlobalSection
	GlobalSection(SolutionProperties) = preSolution
		HideSolutionNode = FALSE
	EndGlobalSection
	GlobalSection(ExtensibilityGlobals) = postSolution
		SolutionGuid = {E7277247-5D59-4B65-AACE-EF81A4F2637B}
	EndGlobalSection
EndGlobal
